<?xml version="1.0" encoding="UTF-8" standalone="yes" ?>
<CodeBlocks_project_file>
	<FileVersion major="1" minor="6" />
	<Project>
		<Option title="Bulls-and-Cows" />
		<Option pch_mode="2" />
		<Option compiler="gcc" />
		<Build>
			<Target title="Release">
				<Option output="bin/Release/Bulls-and-Cows" prefix_auto="1" extension_auto="1" />
				<Option object_output="obj/Release/" />
				<Option type="1" />
				<Option compiler="gcc" />
				<Compiler>
					<Add option="-O2" />
				</Compiler>
				<Linker>
					<Add option="-s" />
				</Linker>
			</Target>
		</Build>
		<Compiler>
			<Add option="-Wall" />
			<Add option="-fexceptions" />
		</Compiler>
		<Unit filename="src/guesser.h" />
		<Unit filename="src/main.cpp" />
		<Unit filename="src/params.h" />
		<Unit filename="src/play.cpp" />
		<Unit filename="src/play.h" />
		<Unit filename="src/random_guesser.cpp" />
		<Unit filename="src/random_guesser.h" />
		<Unit filename="src/random_thinker.cpp" />
		<Unit filename="src/random_thinker.h" />
		<Unit filename="src/response.h" />
		<Unit filename="src/thinker.h" />
		<Unit filename="src/utils.cpp" />
		<Unit filename="src/utils.h" />
		<Extensions>
			<code_completion />
			<envvars />
			<debugger />
		</Extensions>
	</Project>
</CodeBlocks_project_file>
