<?xml version="1.0" encoding="UTF-8" standalone="yes" ?>
<CodeBlocks_project_file>
	<FileVersion major="1" minor="6" />
	<Project>
		<Option title="Bulls-and-Cows" />
		<Option pch_mode="2" />
		<Option compiler="gcc" />
		<Build>
			<Target title="Release">
				<Option output="bin/Bulls-and-Cows" prefix_auto="1" extension_auto="1" />
				<Option object_output="obj/" />
				<Option type="1" />
				<Option compiler="gcc" />
				<Linker>
					<Add option="-s" />
				</Linker>
			</Target>
		</Build>
		<Compiler>
			<Add option="-O3" />
			<Add option="-Wall" />
			<Add option="-fexceptions" />
		</Compiler>
		<Unit filename="src/all_players.h" />
		<Unit filename="src/dummy_guesser.cpp" />
		<Unit filename="src/dummy_guesser.h" />
		<Unit filename="src/fixed_thinker.cpp" />
		<Unit filename="src/fixed_thinker.h" />
		<Unit filename="src/games.cpp" />
		<Unit filename="src/games.h" />
		<Unit filename="src/greedy_guesser.cpp" />
		<Unit filename="src/greedy_guesser.h" />
		<Unit filename="src/greedy_thinker.cpp" />
		<Unit filename="src/greedy_thinker.h" />
		<Unit filename="src/guesser.h" />
		<Unit filename="src/lookahead_guesser.cpp" />
		<Unit filename="src/lookahead_guesser.h" />
		<Unit filename="src/lookahead_thinker.cpp" />
		<Unit filename="src/lookahead_thinker.h" />
		<Unit filename="src/main.cpp" />
		<Unit filename="src/number_range.h" />
		<Unit filename="src/params.h" />
		<Unit filename="src/play.cpp" />
		<Unit filename="src/play.h" />
		<Unit filename="src/random_guesser.cpp" />
		<Unit filename="src/random_guesser.h" />
		<Unit filename="src/random_thinker.cpp" />
		<Unit filename="src/random_thinker.h" />
		<Unit filename="src/response.h" />
		<Unit filename="src/symmetry_tracker.cpp" />
		<Unit filename="src/symmetry_tracker.h" />
		<Unit filename="src/thinker.h" />
		<Unit filename="src/tracker_guesser.h" />
		<Unit filename="src/tracker_guessert.cpp" />
		<Unit filename="src/tracker_thinker.cpp" />
		<Unit filename="src/tracker_thinker.h" />
		<Unit filename="src/user_guesser.cpp" />
		<Unit filename="src/user_guesser.h" />
		<Unit filename="src/user_thinker.cpp" />
		<Unit filename="src/user_thinker.h" />
		<Unit filename="src/utils.cpp" />
		<Unit filename="src/utils.h" />
		<Unit filename="src/valid_guesser.cpp" />
		<Unit filename="src/valid_guesser.h" />
		<Unit filename="src/valid_thinker.cpp" />
		<Unit filename="src/valid_thinker.h" />
		<Unit filename="src/valid_tracker.cpp" />
		<Unit filename="src/valid_tracker.h" />
		<Extensions>
			<code_completion />
			<envvars />
			<debugger />
		</Extensions>
	</Project>
</CodeBlocks_project_file>
